
Microsoft Visual Studio Solution File, Format Version 12.00
# Visual Studio 14
VisualStudioVersion = 14.0.24720.0
MinimumVisualStudioVersion = 10.0.40219.1
Project("{8BC9CEB8-8B4A-11D0-8D11-00A0C91BC942}") = "H265Lib", "H265Lib\H265Lib.vcxproj", "{EA5CFA92-5EC8-45C2-BCC6-7D98017E75E2}"
EndProject
Project("{8BC9CEB8-8B4A-11D0-8D11-00A0C91BC942}") = "H265App", "H265App\H265App.vcxproj", "{E7BCEC04-1197-43BE-89FF-6E093726E24F}"
	ProjectSection(ProjectDependencies) = postProject
		{EA5CFA92-5EC8-45C2-BCC6-7D98017E75E2} = {EA5CFA92-5EC8-45C2-BCC6-7D98017E75E2}
	EndProjectSection
EndProject
Project("{8BC9CEB8-8B4A-11D0-8D11-00A0C91BC942}") = "IntraReferenceModel", "IntraReferenceModel\IntraReferenceModel.vcxproj", "{2912D040-6ED2-4FFC-86A7-9887BE139E36}"
EndProject
Project("{8BC9CEB8-8B4A-11D0-8D11-00A0C91BC942}") = "Serializer", "Serializer\Serializer.vcxproj", "{D647355B-1D89-4584-B19B-7963C97466C5}"
EndProject
Project("{2150E333-8FDC-42A3-9474-1A3956D46DE8}") = "Helpers", "Helpers", "{75EF3B11-8337-4A90-A98A-9F0B0FAD3282}"
EndProject
Project("{8BC9CEB8-8B4A-11D0-8D11-00A0C91BC942}") = "UnitTests", "UnitTests\UnitTests.vcxproj", "{17465E17-FEC4-4A21-81B4-EA2649D4DB59}"
EndProject
Project("{2150E333-8FDC-42A3-9474-1A3956D46DE8}") = "HM", "HM", "{9A584EDD-0633-4065-B16A-D075B6CA38BC}"
EndProject
Project("{8BC9CEB8-8B4A-11D0-8D11-00A0C91BC942}") = "LibCommon", "LibCommon\LibCommon.vcxproj", "{B1ED582F-C1A0-4218-9DE9-2576FC90F2B4}"
EndProject
Project("{8BC9CEB8-8B4A-11D0-8D11-00A0C91BC942}") = "LibVideoIO", "LibVideoIO\LibVideoIO.vcxproj", "{8C089A4C-A9C1-4FC5-BCB8-1822E4BE0950}"
EndProject
Project("{8BC9CEB8-8B4A-11D0-8D11-00A0C91BC942}") = "LibEncoder", "LibEncoder\LibEncoder.vcxproj", "{27041458-6693-4FC0-9727-A2693E6C1005}"
EndProject
Project("{8BC9CEB8-8B4A-11D0-8D11-00A0C91BC942}") = "LibDecoder", "LibDecoder\LibDecoder.vcxproj", "{78765A50-5ED6-4857-95FE-529D8F30A471}"
EndProject
Project("{8BC9CEB8-8B4A-11D0-8D11-00A0C91BC942}") = "LibDecoderAnalyser", "LibDecoderAnalyser\LibDecoderAnalyser.vcxproj", "{1C08E8D0-A331-4C20-895F-0D491A9B2AF4}"
EndProject
Project("{8BC9CEB8-8B4A-11D0-8D11-00A0C91BC942}") = "AppCommon", "AppCommon\AppCommon.vcxproj", "{229F3C61-C863-4379-AFD9-D95E0C577642}"
EndProject
Project("{8BC9CEB8-8B4A-11D0-8D11-00A0C91BC942}") = "AppEncoder", "AppEncoder\AppEncoder.vcxproj", "{2BEBF52A-8A30-4494-9BE0-706DCCB1273E}"
EndProject
Project("{8BC9CEB8-8B4A-11D0-8D11-00A0C91BC942}") = "AppDecoder", "AppDecoder\AppDecoder.vcxproj", "{840A2671-21F5-4E05-B8E3-1AF6E251777E}"
EndProject
Project("{8BC9CEB8-8B4A-11D0-8D11-00A0C91BC942}") = "AppDecoderAnalyser", "AppDecoderAnalyser\AppDecoderAnalyser.vcxproj", "{3959772A-FDB5-4559-ABE4-69D56A67951A}"
EndProject
Global
	GlobalSection(SolutionConfigurationPlatforms) = preSolution
		Debug|ARM = Debug|ARM
		Debug|Win32 = Debug|Win32
		Debug|x64 = Debug|x64
		Release|ARM = Release|ARM
		Release|Win32 = Release|Win32
		Release|x64 = Release|x64
	EndGlobalSection
	GlobalSection(ProjectConfigurationPlatforms) = postSolution
		{EA5CFA92-5EC8-45C2-BCC6-7D98017E75E2}.Debug|ARM.ActiveCfg = Debug|Win32
		{EA5CFA92-5EC8-45C2-BCC6-7D98017E75E2}.Debug|Win32.ActiveCfg = Debug|Win32
		{EA5CFA92-5EC8-45C2-BCC6-7D98017E75E2}.Debug|Win32.Build.0 = Debug|Win32
		{EA5CFA92-5EC8-45C2-BCC6-7D98017E75E2}.Debug|x64.ActiveCfg = Debug|Win32
		{EA5CFA92-5EC8-45C2-BCC6-7D98017E75E2}.Release|ARM.ActiveCfg = Release|Win32
		{EA5CFA92-5EC8-45C2-BCC6-7D98017E75E2}.Release|Win32.ActiveCfg = Release|Win32
		{EA5CFA92-5EC8-45C2-BCC6-7D98017E75E2}.Release|Win32.Build.0 = Release|Win32
		{EA5CFA92-5EC8-45C2-BCC6-7D98017E75E2}.Release|x64.ActiveCfg = Release|Win32
		{E7BCEC04-1197-43BE-89FF-6E093726E24F}.Debug|ARM.ActiveCfg = Debug|Win32
		{E7BCEC04-1197-43BE-89FF-6E093726E24F}.Debug|Win32.ActiveCfg = Debug|Win32
		{E7BCEC04-1197-43BE-89FF-6E093726E24F}.Debug|Win32.Build.0 = Debug|Win32
		{E7BCEC04-1197-43BE-89FF-6E093726E24F}.Debug|x64.ActiveCfg = Debug|Win32
		{E7BCEC04-1197-43BE-89FF-6E093726E24F}.Release|ARM.ActiveCfg = Release|Win32
		{E7BCEC04-1197-43BE-89FF-6E093726E24F}.Release|Win32.ActiveCfg = Release|Win32
		{E7BCEC04-1197-43BE-89FF-6E093726E24F}.Release|Win32.Build.0 = Release|Win32
		{E7BCEC04-1197-43BE-89FF-6E093726E24F}.Release|x64.ActiveCfg = Release|Win32
		{2912D040-6ED2-4FFC-86A7-9887BE139E36}.Debug|ARM.ActiveCfg = Debug|Win32
		{2912D040-6ED2-4FFC-86A7-9887BE139E36}.Debug|Win32.ActiveCfg = Debug|Win32
		{2912D040-6ED2-4FFC-86A7-9887BE139E36}.Debug|Win32.Build.0 = Debug|Win32
		{2912D040-6ED2-4FFC-86A7-9887BE139E36}.Debug|x64.ActiveCfg = Debug|Win32
		{2912D040-6ED2-4FFC-86A7-9887BE139E36}.Release|ARM.ActiveCfg = Release|Win32
		{2912D040-6ED2-4FFC-86A7-9887BE139E36}.Release|Win32.ActiveCfg = Release|Win32
		{2912D040-6ED2-4FFC-86A7-9887BE139E36}.Release|Win32.Build.0 = Release|Win32
		{2912D040-6ED2-4FFC-86A7-9887BE139E36}.Release|x64.ActiveCfg = Release|Win32
		{D647355B-1D89-4584-B19B-7963C97466C5}.Debug|ARM.ActiveCfg = Debug|Win32
		{D647355B-1D89-4584-B19B-7963C97466C5}.Debug|Win32.ActiveCfg = Debug|Win32
		{D647355B-1D89-4584-B19B-7963C97466C5}.Debug|Win32.Build.0 = Debug|Win32
		{D647355B-1D89-4584-B19B-7963C97466C5}.Debug|x64.ActiveCfg = Debug|Win32
		{D647355B-1D89-4584-B19B-7963C97466C5}.Release|ARM.ActiveCfg = Release|Win32
		{D647355B-1D89-4584-B19B-7963C97466C5}.Release|Win32.ActiveCfg = Release|Win32
		{D647355B-1D89-4584-B19B-7963C97466C5}.Release|Win32.Build.0 = Release|Win32
		{D647355B-1D89-4584-B19B-7963C97466C5}.Release|x64.ActiveCfg = Release|Win32
		{17465E17-FEC4-4A21-81B4-EA2649D4DB59}.Debug|ARM.ActiveCfg = Debug|Win32
		{17465E17-FEC4-4A21-81B4-EA2649D4DB59}.Debug|Win32.ActiveCfg = Debug|Win32
		{17465E17-FEC4-4A21-81B4-EA2649D4DB59}.Debug|Win32.Build.0 = Debug|Win32
		{17465E17-FEC4-4A21-81B4-EA2649D4DB59}.Debug|x64.ActiveCfg = Debug|Win32
		{17465E17-FEC4-4A21-81B4-EA2649D4DB59}.Release|ARM.ActiveCfg = Release|Win32
		{17465E17-FEC4-4A21-81B4-EA2649D4DB59}.Release|Win32.ActiveCfg = Release|Win32
		{17465E17-FEC4-4A21-81B4-EA2649D4DB59}.Release|Win32.Build.0 = Release|Win32
		{17465E17-FEC4-4A21-81B4-EA2649D4DB59}.Release|x64.ActiveCfg = Release|Win32
		{B1ED582F-C1A0-4218-9DE9-2576FC90F2B4}.Debug|ARM.ActiveCfg = Debug|Win32
		{B1ED582F-C1A0-4218-9DE9-2576FC90F2B4}.Debug|Win32.ActiveCfg = Debug|Win32
		{B1ED582F-C1A0-4218-9DE9-2576FC90F2B4}.Debug|Win32.Build.0 = Debug|Win32
		{B1ED582F-C1A0-4218-9DE9-2576FC90F2B4}.Debug|x64.ActiveCfg = Debug|x64
		{B1ED582F-C1A0-4218-9DE9-2576FC90F2B4}.Debug|x64.Build.0 = Debug|x64
		{B1ED582F-C1A0-4218-9DE9-2576FC90F2B4}.Release|ARM.ActiveCfg = Release|Win32
		{B1ED582F-C1A0-4218-9DE9-2576FC90F2B4}.Release|Win32.ActiveCfg = Release|Win32
		{B1ED582F-C1A0-4218-9DE9-2576FC90F2B4}.Release|Win32.Build.0 = Release|Win32
		{B1ED582F-C1A0-4218-9DE9-2576FC90F2B4}.Release|x64.ActiveCfg = Release|x64
		{B1ED582F-C1A0-4218-9DE9-2576FC90F2B4}.Release|x64.Build.0 = Release|x64
		{8C089A4C-A9C1-4FC5-BCB8-1822E4BE0950}.Debug|ARM.ActiveCfg = Debug|Win32
		{8C089A4C-A9C1-4FC5-BCB8-1822E4BE0950}.Debug|Win32.ActiveCfg = Debug|Win32
		{8C089A4C-A9C1-4FC5-BCB8-1822E4BE0950}.Debug|Win32.Build.0 = Debug|Win32
		{8C089A4C-A9C1-4FC5-BCB8-1822E4BE0950}.Debug|x64.ActiveCfg = Debug|x64
		{8C089A4C-A9C1-4FC5-BCB8-1822E4BE0950}.Debug|x64.Build.0 = Debug|x64
		{8C089A4C-A9C1-4FC5-BCB8-1822E4BE0950}.Release|ARM.ActiveCfg = Release|Win32
		{8C089A4C-A9C1-4FC5-BCB8-1822E4BE0950}.Release|Win32.ActiveCfg = Release|Win32
		{8C089A4C-A9C1-4FC5-BCB8-1822E4BE0950}.Release|Win32.Build.0 = Release|Win32
		{8C089A4C-A9C1-4FC5-BCB8-1822E4BE0950}.Release|x64.ActiveCfg = Release|x64
		{8C089A4C-A9C1-4FC5-BCB8-1822E4BE0950}.Release|x64.Build.0 = Release|x64
		{27041458-6693-4FC0-9727-A2693E6C1005}.Debug|ARM.ActiveCfg = Debug|Win32
		{27041458-6693-4FC0-9727-A2693E6C1005}.Debug|Win32.ActiveCfg = Debug|Win32
		{27041458-6693-4FC0-9727-A2693E6C1005}.Debug|Win32.Build.0 = Debug|Win32
		{27041458-6693-4FC0-9727-A2693E6C1005}.Debug|x64.ActiveCfg = Debug|x64
		{27041458-6693-4FC0-9727-A2693E6C1005}.Debug|x64.Build.0 = Debug|x64
		{27041458-6693-4FC0-9727-A2693E6C1005}.Release|ARM.ActiveCfg = Release|Win32
		{27041458-6693-4FC0-9727-A2693E6C1005}.Release|Win32.ActiveCfg = Release|Win32
		{27041458-6693-4FC0-9727-A2693E6C1005}.Release|Win32.Build.0 = Release|Win32
		{27041458-6693-4FC0-9727-A2693E6C1005}.Release|x64.ActiveCfg = Release|x64
		{27041458-6693-4FC0-9727-A2693E6C1005}.Release|x64.Build.0 = Release|x64
		{78765A50-5ED6-4857-95FE-529D8F30A471}.Debug|ARM.ActiveCfg = Debug|Win32
		{78765A50-5ED6-4857-95FE-529D8F30A471}.Debug|Win32.ActiveCfg = Debug|Win32
		{78765A50-5ED6-4857-95FE-529D8F30A471}.Debug|Win32.Build.0 = Debug|Win32
		{78765A50-5ED6-4857-95FE-529D8F30A471}.Debug|x64.ActiveCfg = Debug|x64
		{78765A50-5ED6-4857-95FE-529D8F30A471}.Debug|x64.Build.0 = Debug|x64
		{78765A50-5ED6-4857-95FE-529D8F30A471}.Release|ARM.ActiveCfg = Release|Win32
		{78765A50-5ED6-4857-95FE-529D8F30A471}.Release|Win32.ActiveCfg = Release|Win32
		{78765A50-5ED6-4857-95FE-529D8F30A471}.Release|Win32.Build.0 = Release|Win32
		{78765A50-5ED6-4857-95FE-529D8F30A471}.Release|x64.ActiveCfg = Release|x64
		{78765A50-5ED6-4857-95FE-529D8F30A471}.Release|x64.Build.0 = Release|x64
		{1C08E8D0-A331-4C20-895F-0D491A9B2AF4}.Debug|ARM.ActiveCfg = Debug|Win32
		{1C08E8D0-A331-4C20-895F-0D491A9B2AF4}.Debug|Win32.ActiveCfg = Debug|Win32
		{1C08E8D0-A331-4C20-895F-0D491A9B2AF4}.Debug|Win32.Build.0 = Debug|Win32
		{1C08E8D0-A331-4C20-895F-0D491A9B2AF4}.Debug|x64.ActiveCfg = Debug|x64
		{1C08E8D0-A331-4C20-895F-0D491A9B2AF4}.Debug|x64.Build.0 = Debug|x64
		{1C08E8D0-A331-4C20-895F-0D491A9B2AF4}.Release|ARM.ActiveCfg = Release|Win32
		{1C08E8D0-A331-4C20-895F-0D491A9B2AF4}.Release|Win32.ActiveCfg = Release|Win32
		{1C08E8D0-A331-4C20-895F-0D491A9B2AF4}.Release|Win32.Build.0 = Release|Win32
		{1C08E8D0-A331-4C20-895F-0D491A9B2AF4}.Release|x64.ActiveCfg = Release|x64
		{1C08E8D0-A331-4C20-895F-0D491A9B2AF4}.Release|x64.Build.0 = Release|x64
		{229F3C61-C863-4379-AFD9-D95E0C577642}.Debug|ARM.ActiveCfg = Debug|Win32
		{229F3C61-C863-4379-AFD9-D95E0C577642}.Debug|Win32.ActiveCfg = Debug|Win32
		{229F3C61-C863-4379-AFD9-D95E0C577642}.Debug|Win32.Build.0 = Debug|Win32
		{229F3C61-C863-4379-AFD9-D95E0C577642}.Debug|x64.ActiveCfg = Debug|x64
		{229F3C61-C863-4379-AFD9-D95E0C577642}.Debug|x64.Build.0 = Debug|x64
		{229F3C61-C863-4379-AFD9-D95E0C577642}.Release|ARM.ActiveCfg = Release|Win32
		{229F3C61-C863-4379-AFD9-D95E0C577642}.Release|Win32.ActiveCfg = Release|Win32
		{229F3C61-C863-4379-AFD9-D95E0C577642}.Release|Win32.Build.0 = Release|Win32
		{229F3C61-C863-4379-AFD9-D95E0C577642}.Release|x64.ActiveCfg = Release|x64
		{229F3C61-C863-4379-AFD9-D95E0C577642}.Release|x64.Build.0 = Release|x64
		{2BEBF52A-8A30-4494-9BE0-706DCCB1273E}.Debug|ARM.ActiveCfg = Debug|Win32
		{2BEBF52A-8A30-4494-9BE0-706DCCB1273E}.Debug|Win32.ActiveCfg = Debug|Win32
		{2BEBF52A-8A30-4494-9BE0-706DCCB1273E}.Debug|Win32.Build.0 = Debug|Win32
		{2BEBF52A-8A30-4494-9BE0-706DCCB1273E}.Debug|x64.ActiveCfg = Debug|x64
		{2BEBF52A-8A30-4494-9BE0-706DCCB1273E}.Debug|x64.Build.0 = Debug|x64
		{2BEBF52A-8A30-4494-9BE0-706DCCB1273E}.Release|ARM.ActiveCfg = Release|Win32
		{2BEBF52A-8A30-4494-9BE0-706DCCB1273E}.Release|Win32.ActiveCfg = Release|Win32
		{2BEBF52A-8A30-4494-9BE0-706DCCB1273E}.Release|Win32.Build.0 = Release|Win32
		{2BEBF52A-8A30-4494-9BE0-706DCCB1273E}.Release|x64.ActiveCfg = Release|x64
		{2BEBF52A-8A30-4494-9BE0-706DCCB1273E}.Release|x64.Build.0 = Release|x64
		{840A2671-21F5-4E05-B8E3-1AF6E251777E}.Debug|ARM.ActiveCfg = Debug|Win32
		{840A2671-21F5-4E05-B8E3-1AF6E251777E}.Debug|Win32.ActiveCfg = Debug|Win32
		{840A2671-21F5-4E05-B8E3-1AF6E251777E}.Debug|Win32.Build.0 = Debug|Win32
		{840A2671-21F5-4E05-B8E3-1AF6E251777E}.Debug|x64.ActiveCfg = Debug|x64
		{840A2671-21F5-4E05-B8E3-1AF6E251777E}.Debug|x64.Build.0 = Debug|x64
		{840A2671-21F5-4E05-B8E3-1AF6E251777E}.Release|ARM.ActiveCfg = Release|Win32
		{840A2671-21F5-4E05-B8E3-1AF6E251777E}.Release|Win32.ActiveCfg = Release|Win32
		{840A2671-21F5-4E05-B8E3-1AF6E251777E}.Release|Win32.Build.0 = Release|Win32
		{840A2671-21F5-4E05-B8E3-1AF6E251777E}.Release|x64.ActiveCfg = Release|x64
		{840A2671-21F5-4E05-B8E3-1AF6E251777E}.Release|x64.Build.0 = Release|x64
		{3959772A-FDB5-4559-ABE4-69D56A67951A}.Debug|ARM.ActiveCfg = Debug|Win32
		{3959772A-FDB5-4559-ABE4-69D56A67951A}.Debug|Win32.ActiveCfg = Debug|Win32
		{3959772A-FDB5-4559-ABE4-69D56A67951A}.Debug|Win32.Build.0 = Debug|Win32
		{3959772A-FDB5-4559-ABE4-69D56A67951A}.Debug|x64.ActiveCfg = Debug|x64
		{3959772A-FDB5-4559-ABE4-69D56A67951A}.Debug|x64.Build.0 = Debug|x64
		{3959772A-FDB5-4559-ABE4-69D56A67951A}.Release|ARM.ActiveCfg = Release|Win32
		{3959772A-FDB5-4559-ABE4-69D56A67951A}.Release|Win32.ActiveCfg = Release|Win32
		{3959772A-FDB5-4559-ABE4-69D56A67951A}.Release|Win32.Build.0 = Release|Win32
		{3959772A-FDB5-4559-ABE4-69D56A67951A}.Release|x64.ActiveCfg = Release|x64
		{3959772A-FDB5-4559-ABE4-69D56A67951A}.Release|x64.Build.0 = Release|x64
	EndGlobalSection
	GlobalSection(SolutionProperties) = preSolution
		HideSolutionNode = FALSE
	EndGlobalSection
	GlobalSection(NestedProjects) = preSolution
		{2912D040-6ED2-4FFC-86A7-9887BE139E36} = {75EF3B11-8337-4A90-A98A-9F0B0FAD3282}
		{D647355B-1D89-4584-B19B-7963C97466C5} = {75EF3B11-8337-4A90-A98A-9F0B0FAD3282}
		{B1ED582F-C1A0-4218-9DE9-2576FC90F2B4} = {9A584EDD-0633-4065-B16A-D075B6CA38BC}
		{8C089A4C-A9C1-4FC5-BCB8-1822E4BE0950} = {9A584EDD-0633-4065-B16A-D075B6CA38BC}
		{27041458-6693-4FC0-9727-A2693E6C1005} = {9A584EDD-0633-4065-B16A-D075B6CA38BC}
		{78765A50-5ED6-4857-95FE-529D8F30A471} = {9A584EDD-0633-4065-B16A-D075B6CA38BC}
		{1C08E8D0-A331-4C20-895F-0D491A9B2AF4} = {9A584EDD-0633-4065-B16A-D075B6CA38BC}
		{229F3C61-C863-4379-AFD9-D95E0C577642} = {9A584EDD-0633-4065-B16A-D075B6CA38BC}
		{2BEBF52A-8A30-4494-9BE0-706DCCB1273E} = {9A584EDD-0633-4065-B16A-D075B6CA38BC}
		{840A2671-21F5-4E05-B8E3-1AF6E251777E} = {9A584EDD-0633-4065-B16A-D075B6CA38BC}
		{3959772A-FDB5-4559-ABE4-69D56A67951A} = {9A584EDD-0633-4065-B16A-D075B6CA38BC}
	EndGlobalSection
EndGlobal
