
Microsoft Visual Studio Solution File, Format Version 12.00
# Visual Studio 14
VisualStudioVersion = 14.0.24720.0
MinimumVisualStudioVersion = 10.0.40219.1
Project("{8BC9CEB8-8B4A-11D0-8D11-00A0C91BC942}") = "H265Lib", "H265Lib\H265Lib.vcxproj", "{EA5CFA92-5EC8-45C2-BCC6-7D98017E75E2}"
EndProject
Project("{8BC9CEB8-8B4A-11D0-8D11-00A0C91BC942}") = "H265App", "H265App\H265App.vcxproj", "{E7BCEC04-1197-43BE-89FF-6E093726E24F}"
	ProjectSection(ProjectDependencies) = postProject
		{EA5CFA92-5EC8-45C2-BCC6-7D98017E75E2} = {EA5CFA92-5EC8-45C2-BCC6-7D98017E75E2}
	EndProjectSection
EndProject
Project("{8BC9CEB8-8B4A-11D0-8D11-00A0C91BC942}") = "IntraReferenceModel", "IntraReferenceModel\IntraReferenceModel.vcxproj", "{2912D040-6ED2-4FFC-86A7-9887BE139E36}"
EndProject
Project("{8BC9CEB8-8B4A-11D0-8D11-00A0C91BC942}") = "MatrixGenerator", "MatrixGenerator\MatrixGenerator.vcxproj", "{0033272E-1AA6-40D1-B4E2-3F22F8DA8022}"
EndProject
Project("{8BC9CEB8-8B4A-11D0-8D11-00A0C91BC942}") = "Serializer", "Serializer\Serializer.vcxproj", "{D647355B-1D89-4584-B19B-7963C97466C5}"
EndProject
Project("{2150E333-8FDC-42A3-9474-1A3956D46DE8}") = "Helpers", "Helpers", "{75EF3B11-8337-4A90-A98A-9F0B0FAD3282}"
EndProject
Project("{8BC9CEB8-8B4A-11D0-8D11-00A0C91BC942}") = "UnitTests", "UnitTests\UnitTests.vcxproj", "{17465E17-FEC4-4A21-81B4-EA2649D4DB59}"
EndProject
Global
	GlobalSection(SolutionConfigurationPlatforms) = preSolution
		Debug|ARM = Debug|ARM
		Debug|Win32 = Debug|Win32
		Debug|x64 = Debug|x64
		Release|ARM = Release|ARM
		Release|Win32 = Release|Win32
		Release|x64 = Release|x64
	EndGlobalSection
	GlobalSection(ProjectConfigurationPlatforms) = postSolution
		{EA5CFA92-5EC8-45C2-BCC6-7D98017E75E2}.Debug|ARM.ActiveCfg = Debug|Win32
		{EA5CFA92-5EC8-45C2-BCC6-7D98017E75E2}.Debug|Win32.ActiveCfg = Debug|Win32
		{EA5CFA92-5EC8-45C2-BCC6-7D98017E75E2}.Debug|Win32.Build.0 = Debug|Win32
		{EA5CFA92-5EC8-45C2-BCC6-7D98017E75E2}.Debug|x64.ActiveCfg = Debug|Win32
		{EA5CFA92-5EC8-45C2-BCC6-7D98017E75E2}.Release|ARM.ActiveCfg = Release|Win32
		{EA5CFA92-5EC8-45C2-BCC6-7D98017E75E2}.Release|Win32.ActiveCfg = Release|Win32
		{EA5CFA92-5EC8-45C2-BCC6-7D98017E75E2}.Release|Win32.Build.0 = Release|Win32
		{EA5CFA92-5EC8-45C2-BCC6-7D98017E75E2}.Release|x64.ActiveCfg = Release|Win32
		{E7BCEC04-1197-43BE-89FF-6E093726E24F}.Debug|ARM.ActiveCfg = Debug|Win32
		{E7BCEC04-1197-43BE-89FF-6E093726E24F}.Debug|Win32.ActiveCfg = Debug|Win32
		{E7BCEC04-1197-43BE-89FF-6E093726E24F}.Debug|Win32.Build.0 = Debug|Win32
		{E7BCEC04-1197-43BE-89FF-6E093726E24F}.Debug|x64.ActiveCfg = Debug|Win32
		{E7BCEC04-1197-43BE-89FF-6E093726E24F}.Release|ARM.ActiveCfg = Release|Win32
		{E7BCEC04-1197-43BE-89FF-6E093726E24F}.Release|Win32.ActiveCfg = Release|Win32
		{E7BCEC04-1197-43BE-89FF-6E093726E24F}.Release|Win32.Build.0 = Release|Win32
		{E7BCEC04-1197-43BE-89FF-6E093726E24F}.Release|x64.ActiveCfg = Release|Win32
		{2912D040-6ED2-4FFC-86A7-9887BE139E36}.Debug|ARM.ActiveCfg = Debug|Win32
		{2912D040-6ED2-4FFC-86A7-9887BE139E36}.Debug|Win32.ActiveCfg = Debug|Win32
		{2912D040-6ED2-4FFC-86A7-9887BE139E36}.Debug|Win32.Build.0 = Debug|Win32
		{2912D040-6ED2-4FFC-86A7-9887BE139E36}.Debug|x64.ActiveCfg = Debug|Win32
		{2912D040-6ED2-4FFC-86A7-9887BE139E36}.Release|ARM.ActiveCfg = Release|Win32
		{2912D040-6ED2-4FFC-86A7-9887BE139E36}.Release|Win32.ActiveCfg = Release|Win32
		{2912D040-6ED2-4FFC-86A7-9887BE139E36}.Release|Win32.Build.0 = Release|Win32
		{2912D040-6ED2-4FFC-86A7-9887BE139E36}.Release|x64.ActiveCfg = Release|Win32
		{0033272E-1AA6-40D1-B4E2-3F22F8DA8022}.Debug|ARM.ActiveCfg = Debug|Win32
		{0033272E-1AA6-40D1-B4E2-3F22F8DA8022}.Debug|Win32.ActiveCfg = Debug|Win32
		{0033272E-1AA6-40D1-B4E2-3F22F8DA8022}.Debug|Win32.Build.0 = Debug|Win32
		{0033272E-1AA6-40D1-B4E2-3F22F8DA8022}.Debug|x64.ActiveCfg = Debug|Win32
		{0033272E-1AA6-40D1-B4E2-3F22F8DA8022}.Release|ARM.ActiveCfg = Release|Win32
		{0033272E-1AA6-40D1-B4E2-3F22F8DA8022}.Release|Win32.ActiveCfg = Release|Win32
		{0033272E-1AA6-40D1-B4E2-3F22F8DA8022}.Release|Win32.Build.0 = Release|Win32
		{0033272E-1AA6-40D1-B4E2-3F22F8DA8022}.Release|x64.ActiveCfg = Release|Win32
		{D647355B-1D89-4584-B19B-7963C97466C5}.Debug|ARM.ActiveCfg = Debug|Win32
		{D647355B-1D89-4584-B19B-7963C97466C5}.Debug|Win32.ActiveCfg = Debug|Win32
		{D647355B-1D89-4584-B19B-7963C97466C5}.Debug|Win32.Build.0 = Debug|Win32
		{D647355B-1D89-4584-B19B-7963C97466C5}.Debug|x64.ActiveCfg = Debug|Win32
		{D647355B-1D89-4584-B19B-7963C97466C5}.Release|ARM.ActiveCfg = Release|Win32
		{D647355B-1D89-4584-B19B-7963C97466C5}.Release|Win32.ActiveCfg = Release|Win32
		{D647355B-1D89-4584-B19B-7963C97466C5}.Release|Win32.Build.0 = Release|Win32
		{D647355B-1D89-4584-B19B-7963C97466C5}.Release|x64.ActiveCfg = Release|Win32
		{17465E17-FEC4-4A21-81B4-EA2649D4DB59}.Debug|ARM.ActiveCfg = Debug|Win32
		{17465E17-FEC4-4A21-81B4-EA2649D4DB59}.Debug|Win32.ActiveCfg = Debug|Win32
		{17465E17-FEC4-4A21-81B4-EA2649D4DB59}.Debug|Win32.Build.0 = Debug|Win32
		{17465E17-FEC4-4A21-81B4-EA2649D4DB59}.Debug|x64.ActiveCfg = Debug|Win32
		{17465E17-FEC4-4A21-81B4-EA2649D4DB59}.Release|ARM.ActiveCfg = Release|Win32
		{17465E17-FEC4-4A21-81B4-EA2649D4DB59}.Release|Win32.ActiveCfg = Release|Win32
		{17465E17-FEC4-4A21-81B4-EA2649D4DB59}.Release|Win32.Build.0 = Release|Win32
		{17465E17-FEC4-4A21-81B4-EA2649D4DB59}.Release|x64.ActiveCfg = Release|Win32
	EndGlobalSection
	GlobalSection(SolutionProperties) = preSolution
		HideSolutionNode = FALSE
	EndGlobalSection
	GlobalSection(NestedProjects) = preSolution
		{2912D040-6ED2-4FFC-86A7-9887BE139E36} = {75EF3B11-8337-4A90-A98A-9F0B0FAD3282}
		{0033272E-1AA6-40D1-B4E2-3F22F8DA8022} = {75EF3B11-8337-4A90-A98A-9F0B0FAD3282}
		{D647355B-1D89-4584-B19B-7963C97466C5} = {75EF3B11-8337-4A90-A98A-9F0B0FAD3282}
	EndGlobalSection
EndGlobal
