
Microsoft Visual Studio Solution File, Format Version 12.00
# Visual Studio 2013
VisualStudioVersion = 12.0.30723.0
MinimumVisualStudioVersion = 10.0.40219.1
Project("{8BC9CEB8-8B4A-11D0-8D11-00A0C91BC942}") = "H265Lib", "H265Lib\H265Lib.vcxproj", "{EA5CFA92-5EC8-45C2-BCC6-7D98017E75E2}"
EndProject
Project("{8BC9CEB8-8B4A-11D0-8D11-00A0C91BC942}") = "H265App", "H265App\H265App.vcxproj", "{E7BCEC04-1197-43BE-89FF-6E093726E24F}"
	ProjectSection(ProjectDependencies) = postProject
		{EA5CFA92-5EC8-45C2-BCC6-7D98017E75E2} = {EA5CFA92-5EC8-45C2-BCC6-7D98017E75E2}
	EndProjectSection
EndProject
Project("{8BC9CEB8-8B4A-11D0-8D11-00A0C91BC942}") = "HMAppCommon", "HMAppCommon\HMAppCommon.vcxproj", "{4852A043-DFDC-4211-9A41-A03AF53CA183}"
	ProjectSection(ProjectDependencies) = postProject
		{6BE64F38-98B9-4042-9D8C-23BDCA329190} = {6BE64F38-98B9-4042-9D8C-23BDCA329190}
		{5E334A93-AE02-4C34-9CA6-552029E6362F} = {5E334A93-AE02-4C34-9CA6-552029E6362F}
	EndProjectSection
EndProject
Project("{8BC9CEB8-8B4A-11D0-8D11-00A0C91BC942}") = "HMAppDecoder", "HMAppDecoder\HMAppDecoder.vcxproj", "{425E0C2C-D521-4DD2-BE6A-78F29A7ABE23}"
	ProjectSection(ProjectDependencies) = postProject
		{10934126-8BF2-47C5-AD14-428D90A1D7E7} = {10934126-8BF2-47C5-AD14-428D90A1D7E7}
		{6BE64F38-98B9-4042-9D8C-23BDCA329190} = {6BE64F38-98B9-4042-9D8C-23BDCA329190}
		{4852A043-DFDC-4211-9A41-A03AF53CA183} = {4852A043-DFDC-4211-9A41-A03AF53CA183}
		{5E334A93-AE02-4C34-9CA6-552029E6362F} = {5E334A93-AE02-4C34-9CA6-552029E6362F}
		{A55824FD-9EC0-4F0B-8E92-385F7CDC3544} = {A55824FD-9EC0-4F0B-8E92-385F7CDC3544}
	EndProjectSection
EndProject
Project("{8BC9CEB8-8B4A-11D0-8D11-00A0C91BC942}") = "HMAppEncoder", "HMAppEncoder\HMAppEncoder.vcxproj", "{4C58E4F1-B96A-4FC0-9F3B-7F403D2E367F}"
	ProjectSection(ProjectDependencies) = postProject
		{10934126-8BF2-47C5-AD14-428D90A1D7E7} = {10934126-8BF2-47C5-AD14-428D90A1D7E7}
		{A3460F36-BB3E-489A-964A-78F5D1CD086B} = {A3460F36-BB3E-489A-964A-78F5D1CD086B}
		{6BE64F38-98B9-4042-9D8C-23BDCA329190} = {6BE64F38-98B9-4042-9D8C-23BDCA329190}
		{4852A043-DFDC-4211-9A41-A03AF53CA183} = {4852A043-DFDC-4211-9A41-A03AF53CA183}
		{5E334A93-AE02-4C34-9CA6-552029E6362F} = {5E334A93-AE02-4C34-9CA6-552029E6362F}
	EndProjectSection
EndProject
Project("{8BC9CEB8-8B4A-11D0-8D11-00A0C91BC942}") = "HMLibCommon", "HMLibCommon\HMLibCommon.vcxproj", "{5E334A93-AE02-4C34-9CA6-552029E6362F}"
EndProject
Project("{8BC9CEB8-8B4A-11D0-8D11-00A0C91BC942}") = "HMLibDecoder", "HMLibDecoder\HMLibDecoder.vcxproj", "{A55824FD-9EC0-4F0B-8E92-385F7CDC3544}"
	ProjectSection(ProjectDependencies) = postProject
		{6BE64F38-98B9-4042-9D8C-23BDCA329190} = {6BE64F38-98B9-4042-9D8C-23BDCA329190}
		{5E334A93-AE02-4C34-9CA6-552029E6362F} = {5E334A93-AE02-4C34-9CA6-552029E6362F}
	EndProjectSection
EndProject
Project("{8BC9CEB8-8B4A-11D0-8D11-00A0C91BC942}") = "HMLibEncoder", "HMLibEncoder\HMLibEncoder.vcxproj", "{A3460F36-BB3E-489A-964A-78F5D1CD086B}"
	ProjectSection(ProjectDependencies) = postProject
		{6BE64F38-98B9-4042-9D8C-23BDCA329190} = {6BE64F38-98B9-4042-9D8C-23BDCA329190}
		{5E334A93-AE02-4C34-9CA6-552029E6362F} = {5E334A93-AE02-4C34-9CA6-552029E6362F}
	EndProjectSection
EndProject
Project("{8BC9CEB8-8B4A-11D0-8D11-00A0C91BC942}") = "HMLibVideoIO", "HMLibVideoIO\HMLibVideoIO.vcxproj", "{6BE64F38-98B9-4042-9D8C-23BDCA329190}"
	ProjectSection(ProjectDependencies) = postProject
		{5E334A93-AE02-4C34-9CA6-552029E6362F} = {5E334A93-AE02-4C34-9CA6-552029E6362F}
	EndProjectSection
EndProject
Project("{8BC9CEB8-8B4A-11D0-8D11-00A0C91BC942}") = "IntraReferenceModel", "IntraReferenceModel\IntraReferenceModel.vcxproj", "{2912D040-6ED2-4FFC-86A7-9887BE139E36}"
EndProject
Project("{8BC9CEB8-8B4A-11D0-8D11-00A0C91BC942}") = "LoggingControl", "LoggingControl\LoggingControl.vcxproj", "{10934126-8BF2-47C5-AD14-428D90A1D7E7}"
EndProject
Project("{8BC9CEB8-8B4A-11D0-8D11-00A0C91BC942}") = "MatrixGenerator", "MatrixGenerator\MatrixGenerator.vcxproj", "{0033272E-1AA6-40D1-B4E2-3F22F8DA8022}"
EndProject
Project("{8BC9CEB8-8B4A-11D0-8D11-00A0C91BC942}") = "Serializer", "Serializer\Serializer.vcxproj", "{D647355B-1D89-4584-B19B-7963C97466C5}"
EndProject
Project("{2150E333-8FDC-42A3-9474-1A3956D46DE8}") = "HM", "HM", "{1B10528C-9B4F-4531-BBFC-FA5A2AEFECEF}"
EndProject
Project("{2150E333-8FDC-42A3-9474-1A3956D46DE8}") = "Helpers", "Helpers", "{75EF3B11-8337-4A90-A98A-9F0B0FAD3282}"
EndProject
Global
	GlobalSection(SolutionConfigurationPlatforms) = preSolution
		Debug|Win32 = Debug|Win32
		Debug|x64 = Debug|x64
		Release|Win32 = Release|Win32
		Release|x64 = Release|x64
	EndGlobalSection
	GlobalSection(ProjectConfigurationPlatforms) = postSolution
		{EA5CFA92-5EC8-45C2-BCC6-7D98017E75E2}.Debug|Win32.ActiveCfg = Debug|Win32
		{EA5CFA92-5EC8-45C2-BCC6-7D98017E75E2}.Debug|Win32.Build.0 = Debug|Win32
		{EA5CFA92-5EC8-45C2-BCC6-7D98017E75E2}.Debug|x64.ActiveCfg = Debug|Win32
		{EA5CFA92-5EC8-45C2-BCC6-7D98017E75E2}.Release|Win32.ActiveCfg = Release|Win32
		{EA5CFA92-5EC8-45C2-BCC6-7D98017E75E2}.Release|Win32.Build.0 = Release|Win32
		{EA5CFA92-5EC8-45C2-BCC6-7D98017E75E2}.Release|x64.ActiveCfg = Release|Win32
		{E7BCEC04-1197-43BE-89FF-6E093726E24F}.Debug|Win32.ActiveCfg = Debug|Win32
		{E7BCEC04-1197-43BE-89FF-6E093726E24F}.Debug|Win32.Build.0 = Debug|Win32
		{E7BCEC04-1197-43BE-89FF-6E093726E24F}.Debug|x64.ActiveCfg = Debug|Win32
		{E7BCEC04-1197-43BE-89FF-6E093726E24F}.Release|Win32.ActiveCfg = Release|Win32
		{E7BCEC04-1197-43BE-89FF-6E093726E24F}.Release|Win32.Build.0 = Release|Win32
		{E7BCEC04-1197-43BE-89FF-6E093726E24F}.Release|x64.ActiveCfg = Release|Win32
		{4852A043-DFDC-4211-9A41-A03AF53CA183}.Debug|Win32.ActiveCfg = Debug|Win32
		{4852A043-DFDC-4211-9A41-A03AF53CA183}.Debug|Win32.Build.0 = Debug|Win32
		{4852A043-DFDC-4211-9A41-A03AF53CA183}.Debug|x64.ActiveCfg = Debug|Win32
		{4852A043-DFDC-4211-9A41-A03AF53CA183}.Release|Win32.ActiveCfg = Release|Win32
		{4852A043-DFDC-4211-9A41-A03AF53CA183}.Release|Win32.Build.0 = Release|Win32
		{4852A043-DFDC-4211-9A41-A03AF53CA183}.Release|x64.ActiveCfg = Release|Win32
		{425E0C2C-D521-4DD2-BE6A-78F29A7ABE23}.Debug|Win32.ActiveCfg = Debug|Win32
		{425E0C2C-D521-4DD2-BE6A-78F29A7ABE23}.Debug|Win32.Build.0 = Debug|Win32
		{425E0C2C-D521-4DD2-BE6A-78F29A7ABE23}.Debug|x64.ActiveCfg = Debug|Win32
		{425E0C2C-D521-4DD2-BE6A-78F29A7ABE23}.Release|Win32.ActiveCfg = Release|Win32
		{425E0C2C-D521-4DD2-BE6A-78F29A7ABE23}.Release|Win32.Build.0 = Release|Win32
		{425E0C2C-D521-4DD2-BE6A-78F29A7ABE23}.Release|x64.ActiveCfg = Release|Win32
		{4C58E4F1-B96A-4FC0-9F3B-7F403D2E367F}.Debug|Win32.ActiveCfg = Debug|Win32
		{4C58E4F1-B96A-4FC0-9F3B-7F403D2E367F}.Debug|Win32.Build.0 = Debug|Win32
		{4C58E4F1-B96A-4FC0-9F3B-7F403D2E367F}.Debug|x64.ActiveCfg = Debug|Win32
		{4C58E4F1-B96A-4FC0-9F3B-7F403D2E367F}.Release|Win32.ActiveCfg = Release|Win32
		{4C58E4F1-B96A-4FC0-9F3B-7F403D2E367F}.Release|Win32.Build.0 = Release|Win32
		{4C58E4F1-B96A-4FC0-9F3B-7F403D2E367F}.Release|x64.ActiveCfg = Release|Win32
		{5E334A93-AE02-4C34-9CA6-552029E6362F}.Debug|Win32.ActiveCfg = Debug|Win32
		{5E334A93-AE02-4C34-9CA6-552029E6362F}.Debug|Win32.Build.0 = Debug|Win32
		{5E334A93-AE02-4C34-9CA6-552029E6362F}.Debug|x64.ActiveCfg = Debug|Win32
		{5E334A93-AE02-4C34-9CA6-552029E6362F}.Release|Win32.ActiveCfg = Release|Win32
		{5E334A93-AE02-4C34-9CA6-552029E6362F}.Release|Win32.Build.0 = Release|Win32
		{5E334A93-AE02-4C34-9CA6-552029E6362F}.Release|x64.ActiveCfg = Release|Win32
		{A55824FD-9EC0-4F0B-8E92-385F7CDC3544}.Debug|Win32.ActiveCfg = Debug|Win32
		{A55824FD-9EC0-4F0B-8E92-385F7CDC3544}.Debug|Win32.Build.0 = Debug|Win32
		{A55824FD-9EC0-4F0B-8E92-385F7CDC3544}.Debug|x64.ActiveCfg = Debug|Win32
		{A55824FD-9EC0-4F0B-8E92-385F7CDC3544}.Release|Win32.ActiveCfg = Release|Win32
		{A55824FD-9EC0-4F0B-8E92-385F7CDC3544}.Release|Win32.Build.0 = Release|Win32
		{A55824FD-9EC0-4F0B-8E92-385F7CDC3544}.Release|x64.ActiveCfg = Release|Win32
		{A3460F36-BB3E-489A-964A-78F5D1CD086B}.Debug|Win32.ActiveCfg = Debug|Win32
		{A3460F36-BB3E-489A-964A-78F5D1CD086B}.Debug|Win32.Build.0 = Debug|Win32
		{A3460F36-BB3E-489A-964A-78F5D1CD086B}.Debug|x64.ActiveCfg = Debug|Win32
		{A3460F36-BB3E-489A-964A-78F5D1CD086B}.Release|Win32.ActiveCfg = Release|Win32
		{A3460F36-BB3E-489A-964A-78F5D1CD086B}.Release|Win32.Build.0 = Release|Win32
		{A3460F36-BB3E-489A-964A-78F5D1CD086B}.Release|x64.ActiveCfg = Release|Win32
		{6BE64F38-98B9-4042-9D8C-23BDCA329190}.Debug|Win32.ActiveCfg = Debug|Win32
		{6BE64F38-98B9-4042-9D8C-23BDCA329190}.Debug|Win32.Build.0 = Debug|Win32
		{6BE64F38-98B9-4042-9D8C-23BDCA329190}.Debug|x64.ActiveCfg = Debug|Win32
		{6BE64F38-98B9-4042-9D8C-23BDCA329190}.Release|Win32.ActiveCfg = Release|Win32
		{6BE64F38-98B9-4042-9D8C-23BDCA329190}.Release|Win32.Build.0 = Release|Win32
		{6BE64F38-98B9-4042-9D8C-23BDCA329190}.Release|x64.ActiveCfg = Release|Win32
		{2912D040-6ED2-4FFC-86A7-9887BE139E36}.Debug|Win32.ActiveCfg = Debug|Win32
		{2912D040-6ED2-4FFC-86A7-9887BE139E36}.Debug|Win32.Build.0 = Debug|Win32
		{2912D040-6ED2-4FFC-86A7-9887BE139E36}.Debug|x64.ActiveCfg = Debug|Win32
		{2912D040-6ED2-4FFC-86A7-9887BE139E36}.Release|Win32.ActiveCfg = Release|Win32
		{2912D040-6ED2-4FFC-86A7-9887BE139E36}.Release|Win32.Build.0 = Release|Win32
		{2912D040-6ED2-4FFC-86A7-9887BE139E36}.Release|x64.ActiveCfg = Release|Win32
		{10934126-8BF2-47C5-AD14-428D90A1D7E7}.Debug|Win32.ActiveCfg = Debug|Win32
		{10934126-8BF2-47C5-AD14-428D90A1D7E7}.Debug|Win32.Build.0 = Debug|Win32
		{10934126-8BF2-47C5-AD14-428D90A1D7E7}.Debug|x64.ActiveCfg = Debug|Win32
		{10934126-8BF2-47C5-AD14-428D90A1D7E7}.Release|Win32.ActiveCfg = Release|Win32
		{10934126-8BF2-47C5-AD14-428D90A1D7E7}.Release|Win32.Build.0 = Release|Win32
		{10934126-8BF2-47C5-AD14-428D90A1D7E7}.Release|x64.ActiveCfg = Release|Win32
		{0033272E-1AA6-40D1-B4E2-3F22F8DA8022}.Debug|Win32.ActiveCfg = Debug|Win32
		{0033272E-1AA6-40D1-B4E2-3F22F8DA8022}.Debug|Win32.Build.0 = Debug|Win32
		{0033272E-1AA6-40D1-B4E2-3F22F8DA8022}.Debug|x64.ActiveCfg = Debug|Win32
		{0033272E-1AA6-40D1-B4E2-3F22F8DA8022}.Release|Win32.ActiveCfg = Release|Win32
		{0033272E-1AA6-40D1-B4E2-3F22F8DA8022}.Release|Win32.Build.0 = Release|Win32
		{0033272E-1AA6-40D1-B4E2-3F22F8DA8022}.Release|x64.ActiveCfg = Release|Win32
		{D647355B-1D89-4584-B19B-7963C97466C5}.Debug|Win32.ActiveCfg = Debug|Win32
		{D647355B-1D89-4584-B19B-7963C97466C5}.Debug|Win32.Build.0 = Debug|Win32
		{D647355B-1D89-4584-B19B-7963C97466C5}.Debug|x64.ActiveCfg = Debug|Win32
		{D647355B-1D89-4584-B19B-7963C97466C5}.Release|Win32.ActiveCfg = Release|Win32
		{D647355B-1D89-4584-B19B-7963C97466C5}.Release|Win32.Build.0 = Release|Win32
		{D647355B-1D89-4584-B19B-7963C97466C5}.Release|x64.ActiveCfg = Release|Win32
	EndGlobalSection
	GlobalSection(SolutionProperties) = preSolution
		HideSolutionNode = FALSE
	EndGlobalSection
	GlobalSection(NestedProjects) = preSolution
		{4852A043-DFDC-4211-9A41-A03AF53CA183} = {1B10528C-9B4F-4531-BBFC-FA5A2AEFECEF}
		{425E0C2C-D521-4DD2-BE6A-78F29A7ABE23} = {1B10528C-9B4F-4531-BBFC-FA5A2AEFECEF}
		{4C58E4F1-B96A-4FC0-9F3B-7F403D2E367F} = {1B10528C-9B4F-4531-BBFC-FA5A2AEFECEF}
		{5E334A93-AE02-4C34-9CA6-552029E6362F} = {1B10528C-9B4F-4531-BBFC-FA5A2AEFECEF}
		{A55824FD-9EC0-4F0B-8E92-385F7CDC3544} = {1B10528C-9B4F-4531-BBFC-FA5A2AEFECEF}
		{A3460F36-BB3E-489A-964A-78F5D1CD086B} = {1B10528C-9B4F-4531-BBFC-FA5A2AEFECEF}
		{6BE64F38-98B9-4042-9D8C-23BDCA329190} = {1B10528C-9B4F-4531-BBFC-FA5A2AEFECEF}
		{2912D040-6ED2-4FFC-86A7-9887BE139E36} = {75EF3B11-8337-4A90-A98A-9F0B0FAD3282}
		{10934126-8BF2-47C5-AD14-428D90A1D7E7} = {75EF3B11-8337-4A90-A98A-9F0B0FAD3282}
		{0033272E-1AA6-40D1-B4E2-3F22F8DA8022} = {75EF3B11-8337-4A90-A98A-9F0B0FAD3282}
		{D647355B-1D89-4584-B19B-7963C97466C5} = {75EF3B11-8337-4A90-A98A-9F0B0FAD3282}
	EndGlobalSection
EndGlobal
