<?xml version="1.0" encoding="utf-8"?>
<Project ToolsVersion="4.0" xmlns="http://schemas.microsoft.com/developer/msbuild/2003">
  <ItemGroup>
    <Filter Include="Source Files">
      <UniqueIdentifier>{4FC737F1-C7A5-4376-A066-2A32D752A2FF}</UniqueIdentifier>
      <Extensions>cpp;c;cc;cxx;def;odl;idl;hpj;bat;asm;asmx</Extensions>
    </Filter>
  </ItemGroup>
  <ItemGroup>
    <ClInclude Include="..\source\HM\Lib\TLibEncoder\AnnexBwrite.h">
      <Filter>Source Files</Filter>
    </ClInclude>
    <ClInclude Include="..\source\HM\Lib\TLibEncoder\NALwrite.h">
      <Filter>Source Files</Filter>
    </ClInclude>
    <ClInclude Include="..\source\HM\Lib\TLibEncoder\SEIEncoder.h">
      <Filter>Source Files</Filter>
    </ClInclude>
    <ClInclude Include="..\source\HM\Lib\TLibEncoder\SEIwrite.h">
      <Filter>Source Files</Filter>
    </ClInclude>
    <ClInclude Include="..\source\HM\Lib\TLibEncoder\SyntaxElementWriter.h">
      <Filter>Source Files</Filter>
    </ClInclude>
    <ClInclude Include="..\source\HM\Lib\TLibEncoder\TEncAnalyze.h">
      <Filter>Source Files</Filter>
    </ClInclude>
    <ClInclude Include="..\source\HM\Lib\TLibEncoder\TEncBinCoder.h">
      <Filter>Source Files</Filter>
    </ClInclude>
    <ClInclude Include="..\source\HM\Lib\TLibEncoder\TEncBinCoderCABAC.h">
      <Filter>Source Files</Filter>
    </ClInclude>
    <ClInclude Include="..\source\HM\Lib\TLibEncoder\TEncBinCoderCABACCounter.h">
      <Filter>Source Files</Filter>
    </ClInclude>
    <ClInclude Include="..\source\HM\Lib\TLibEncoder\TEncCavlc.h">
      <Filter>Source Files</Filter>
    </ClInclude>
    <ClInclude Include="..\source\HM\Lib\TLibEncoder\TEncCfg.h">
      <Filter>Source Files</Filter>
    </ClInclude>
    <ClInclude Include="..\source\HM\Lib\TLibEncoder\TEncCu.h">
      <Filter>Source Files</Filter>
    </ClInclude>
    <ClInclude Include="..\source\HM\Lib\TLibEncoder\TEncEntropy.h">
      <Filter>Source Files</Filter>
    </ClInclude>
    <ClInclude Include="..\source\HM\Lib\TLibEncoder\TEncGOP.h">
      <Filter>Source Files</Filter>
    </ClInclude>
    <ClInclude Include="..\source\HM\Lib\TLibEncoder\TEncPic.h">
      <Filter>Source Files</Filter>
    </ClInclude>
    <ClInclude Include="..\source\HM\Lib\TLibEncoder\TEncPreanalyzer.h">
      <Filter>Source Files</Filter>
    </ClInclude>
    <ClInclude Include="..\source\HM\Lib\TLibEncoder\TEncRateCtrl.h">
      <Filter>Source Files</Filter>
    </ClInclude>
    <ClInclude Include="..\source\HM\Lib\TLibEncoder\TEncSampleAdaptiveOffset.h">
      <Filter>Source Files</Filter>
    </ClInclude>
    <ClInclude Include="..\source\HM\Lib\TLibEncoder\TEncSbac.h">
      <Filter>Source Files</Filter>
    </ClInclude>
    <ClInclude Include="..\source\HM\Lib\TLibEncoder\TEncSearch.h">
      <Filter>Source Files</Filter>
    </ClInclude>
    <ClInclude Include="..\source\HM\Lib\TLibEncoder\TEncSlice.h">
      <Filter>Source Files</Filter>
    </ClInclude>
    <ClInclude Include="..\source\HM\Lib\TLibEncoder\TEncTop.h">
      <Filter>Source Files</Filter>
    </ClInclude>
    <ClInclude Include="..\source\HM\Lib\TLibEncoder\WeightPredAnalysis.h">
      <Filter>Source Files</Filter>
    </ClInclude>
  </ItemGroup>
  <ItemGroup>
    <ClCompile Include="..\source\HM\Lib\TLibEncoder\NALwrite.cpp">
      <Filter>Source Files</Filter>
    </ClCompile>
    <ClCompile Include="..\source\HM\Lib\TLibEncoder\SEIEncoder.cpp">
      <Filter>Source Files</Filter>
    </ClCompile>
    <ClCompile Include="..\source\HM\Lib\TLibEncoder\SEIwrite.cpp">
      <Filter>Source Files</Filter>
    </ClCompile>
    <ClCompile Include="..\source\HM\Lib\TLibEncoder\SyntaxElementWriter.cpp">
      <Filter>Source Files</Filter>
    </ClCompile>
    <ClCompile Include="..\source\HM\Lib\TLibEncoder\TEncBinCoderCABAC.cpp">
      <Filter>Source Files</Filter>
    </ClCompile>
    <ClCompile Include="..\source\HM\Lib\TLibEncoder\TEncBinCoderCABACCounter.cpp">
      <Filter>Source Files</Filter>
    </ClCompile>
    <ClCompile Include="..\source\HM\Lib\TLibEncoder\TEncCavlc.cpp">
      <Filter>Source Files</Filter>
    </ClCompile>
    <ClCompile Include="..\source\HM\Lib\TLibEncoder\TEncCu.cpp">
      <Filter>Source Files</Filter>
    </ClCompile>
    <ClCompile Include="..\source\HM\Lib\TLibEncoder\TEncEntropy.cpp">
      <Filter>Source Files</Filter>
    </ClCompile>
    <ClCompile Include="..\source\HM\Lib\TLibEncoder\TEncGOP.cpp">
      <Filter>Source Files</Filter>
    </ClCompile>
    <ClCompile Include="..\source\HM\Lib\TLibEncoder\TEncPic.cpp">
      <Filter>Source Files</Filter>
    </ClCompile>
    <ClCompile Include="..\source\HM\Lib\TLibEncoder\TEncPreanalyzer.cpp">
      <Filter>Source Files</Filter>
    </ClCompile>
    <ClCompile Include="..\source\HM\Lib\TLibEncoder\TEncRateCtrl.cpp">
      <Filter>Source Files</Filter>
    </ClCompile>
    <ClCompile Include="..\source\HM\Lib\TLibEncoder\TEncSampleAdaptiveOffset.cpp">
      <Filter>Source Files</Filter>
    </ClCompile>
    <ClCompile Include="..\source\HM\Lib\TLibEncoder\TEncSbac.cpp">
      <Filter>Source Files</Filter>
    </ClCompile>
    <ClCompile Include="..\source\HM\Lib\TLibEncoder\TEncSearch.cpp">
      <Filter>Source Files</Filter>
    </ClCompile>
    <ClCompile Include="..\source\HM\Lib\TLibEncoder\TEncSlice.cpp">
      <Filter>Source Files</Filter>
    </ClCompile>
    <ClCompile Include="..\source\HM\Lib\TLibEncoder\TEncTop.cpp">
      <Filter>Source Files</Filter>
    </ClCompile>
    <ClCompile Include="..\source\HM\Lib\TLibEncoder\WeightPredAnalysis.cpp">
      <Filter>Source Files</Filter>
    </ClCompile>
  </ItemGroup>
</Project>