<?xml version="1.0" encoding="utf-8"?>
<Project ToolsVersion="4.0" xmlns="http://schemas.microsoft.com/developer/msbuild/2003">
  <ItemGroup>
    <Filter Include="Source Files">
      <UniqueIdentifier>{4FC737F1-C7A5-4376-A066-2A32D752A2FF}</UniqueIdentifier>
      <Extensions>cpp;c;cc;cxx;def;odl;idl;hpj;bat;asm;asmx</Extensions>
    </Filter>
  </ItemGroup>
  <ItemGroup>
    <Text Include="ReadMe.txt" />
  </ItemGroup>
  <ItemGroup>
    <ClInclude Include="..\source\HM\Lib\TLibCommon\AccessUnit.h">
      <Filter>Source Files</Filter>
    </ClInclude>
    <ClInclude Include="..\source\HM\Lib\TLibCommon\CommonDef.h">
      <Filter>Source Files</Filter>
    </ClInclude>
    <ClInclude Include="..\source\HM\Lib\TLibCommon\ContextModel.h">
      <Filter>Source Files</Filter>
    </ClInclude>
    <ClInclude Include="..\source\HM\Lib\TLibCommon\ContextModel3DBuffer.h">
      <Filter>Source Files</Filter>
    </ClInclude>
    <ClInclude Include="..\source\HM\Lib\TLibCommon\ContextTables.h">
      <Filter>Source Files</Filter>
    </ClInclude>
    <ClInclude Include="..\source\HM\Lib\TLibCommon\NAL.h">
      <Filter>Source Files</Filter>
    </ClInclude>
    <ClInclude Include="..\source\HM\Lib\TLibCommon\SEI.h">
      <Filter>Source Files</Filter>
    </ClInclude>
    <ClInclude Include="..\source\HM\Lib\TLibCommon\TComBitCounter.h">
      <Filter>Source Files</Filter>
    </ClInclude>
    <ClInclude Include="..\source\HM\Lib\TLibCommon\TComBitStream.h">
      <Filter>Source Files</Filter>
    </ClInclude>
    <ClInclude Include="..\source\HM\Lib\TLibCommon\TComCABACTables.h">
      <Filter>Source Files</Filter>
    </ClInclude>
    <ClInclude Include="..\source\HM\Lib\TLibCommon\TComDataCU.h">
      <Filter>Source Files</Filter>
    </ClInclude>
    <ClInclude Include="..\source\HM\Lib\TLibCommon\TComInterpolationFilter.h">
      <Filter>Source Files</Filter>
    </ClInclude>
    <ClInclude Include="..\source\HM\Lib\TLibCommon\TComList.h">
      <Filter>Source Files</Filter>
    </ClInclude>
    <ClInclude Include="..\source\HM\Lib\TLibCommon\TComLoopFilter.h">
      <Filter>Source Files</Filter>
    </ClInclude>
    <ClInclude Include="..\source\HM\Lib\TLibCommon\TComMotionInfo.h">
      <Filter>Source Files</Filter>
    </ClInclude>
    <ClInclude Include="..\source\HM\Lib\TLibCommon\TComMv.h">
      <Filter>Source Files</Filter>
    </ClInclude>
    <ClInclude Include="..\source\HM\Lib\TLibCommon\TComPattern.h">
      <Filter>Source Files</Filter>
    </ClInclude>
    <ClInclude Include="..\source\HM\Lib\TLibCommon\TComPic.h">
      <Filter>Source Files</Filter>
    </ClInclude>
    <ClInclude Include="..\source\HM\Lib\TLibCommon\TComPicSym.h">
      <Filter>Source Files</Filter>
    </ClInclude>
    <ClInclude Include="..\source\HM\Lib\TLibCommon\TComPicYuv.h">
      <Filter>Source Files</Filter>
    </ClInclude>
    <ClInclude Include="..\source\HM\Lib\TLibCommon\TComPrediction.h">
      <Filter>Source Files</Filter>
    </ClInclude>
    <ClInclude Include="..\source\HM\Lib\TLibCommon\TComRdCost.h">
      <Filter>Source Files</Filter>
    </ClInclude>
    <ClInclude Include="..\source\HM\Lib\TLibCommon\TComRdCostWeightPrediction.h">
      <Filter>Source Files</Filter>
    </ClInclude>
    <ClInclude Include="..\source\HM\Lib\TLibCommon\TComRom.h">
      <Filter>Source Files</Filter>
    </ClInclude>
    <ClInclude Include="..\source\HM\Lib\TLibCommon\TComSampleAdaptiveOffset.h">
      <Filter>Source Files</Filter>
    </ClInclude>
    <ClInclude Include="..\source\HM\Lib\TLibCommon\TComSlice.h">
      <Filter>Source Files</Filter>
    </ClInclude>
    <ClInclude Include="..\source\HM\Lib\TLibCommon\TComTrQuant.h">
      <Filter>Source Files</Filter>
    </ClInclude>
    <ClInclude Include="..\source\HM\Lib\TLibCommon\TComWeightPrediction.h">
      <Filter>Source Files</Filter>
    </ClInclude>
    <ClInclude Include="..\source\HM\Lib\TLibCommon\TComYuv.h">
      <Filter>Source Files</Filter>
    </ClInclude>
    <ClInclude Include="..\source\HM\Lib\TLibCommon\TypeDef.h">
      <Filter>Source Files</Filter>
    </ClInclude>
    <ClInclude Include="..\source\HM\Lib\libmd5\libmd5.h">
      <Filter>Source Files</Filter>
    </ClInclude>
    <ClInclude Include="..\source\HM\Lib\libmd5\MD5.h">
      <Filter>Source Files</Filter>
    </ClInclude>
  </ItemGroup>
  <ItemGroup>
    <ClCompile Include="..\source\HM\Lib\TLibCommon\ContextModel.cpp">
      <Filter>Source Files</Filter>
    </ClCompile>
    <ClCompile Include="..\source\HM\Lib\TLibCommon\ContextModel3DBuffer.cpp">
      <Filter>Source Files</Filter>
    </ClCompile>
    <ClCompile Include="..\source\HM\Lib\TLibCommon\SEI.cpp">
      <Filter>Source Files</Filter>
    </ClCompile>
    <ClCompile Include="..\source\HM\Lib\TLibCommon\TComBitStream.cpp">
      <Filter>Source Files</Filter>
    </ClCompile>
    <ClCompile Include="..\source\HM\Lib\TLibCommon\TComCABACTables.cpp">
      <Filter>Source Files</Filter>
    </ClCompile>
    <ClCompile Include="..\source\HM\Lib\TLibCommon\TComDataCU.cpp">
      <Filter>Source Files</Filter>
    </ClCompile>
    <ClCompile Include="..\source\HM\Lib\TLibCommon\TComInterpolationFilter.cpp">
      <Filter>Source Files</Filter>
    </ClCompile>
    <ClCompile Include="..\source\HM\Lib\TLibCommon\TComLoopFilter.cpp">
      <Filter>Source Files</Filter>
    </ClCompile>
    <ClCompile Include="..\source\HM\Lib\TLibCommon\TComMotionInfo.cpp">
      <Filter>Source Files</Filter>
    </ClCompile>
    <ClCompile Include="..\source\HM\Lib\TLibCommon\TComPattern.cpp">
      <Filter>Source Files</Filter>
    </ClCompile>
    <ClCompile Include="..\source\HM\Lib\TLibCommon\TComPic.cpp">
      <Filter>Source Files</Filter>
    </ClCompile>
    <ClCompile Include="..\source\HM\Lib\TLibCommon\TComPicSym.cpp">
      <Filter>Source Files</Filter>
    </ClCompile>
    <ClCompile Include="..\source\HM\Lib\TLibCommon\TComPicYuv.cpp">
      <Filter>Source Files</Filter>
    </ClCompile>
    <ClCompile Include="..\source\HM\Lib\TLibCommon\TComPicYuvMD5.cpp">
      <Filter>Source Files</Filter>
    </ClCompile>
    <ClCompile Include="..\source\HM\Lib\TLibCommon\TComPrediction.cpp">
      <Filter>Source Files</Filter>
    </ClCompile>
    <ClCompile Include="..\source\HM\Lib\TLibCommon\TComRdCost.cpp">
      <Filter>Source Files</Filter>
    </ClCompile>
    <ClCompile Include="..\source\HM\Lib\TLibCommon\TComRdCostWeightPrediction.cpp">
      <Filter>Source Files</Filter>
    </ClCompile>
    <ClCompile Include="..\source\HM\Lib\TLibCommon\TComRom.cpp">
      <Filter>Source Files</Filter>
    </ClCompile>
    <ClCompile Include="..\source\HM\Lib\TLibCommon\TComSampleAdaptiveOffset.cpp">
      <Filter>Source Files</Filter>
    </ClCompile>
    <ClCompile Include="..\source\HM\Lib\TLibCommon\TComSlice.cpp">
      <Filter>Source Files</Filter>
    </ClCompile>
    <ClCompile Include="..\source\HM\Lib\TLibCommon\TComTrQuant.cpp">
      <Filter>Source Files</Filter>
    </ClCompile>
    <ClCompile Include="..\source\HM\Lib\TLibCommon\TComWeightPrediction.cpp">
      <Filter>Source Files</Filter>
    </ClCompile>
    <ClCompile Include="..\source\HM\Lib\TLibCommon\TComYuv.cpp">
      <Filter>Source Files</Filter>
    </ClCompile>
    <ClCompile Include="..\source\HM\Lib\libmd5\libmd5.c">
      <Filter>Source Files</Filter>
    </ClCompile>
  </ItemGroup>
</Project>