<?xml version="1.0" encoding="utf-8"?>
<Project ToolsVersion="4.0" xmlns="http://schemas.microsoft.com/developer/msbuild/2003">
  <ItemGroup>
    <Filter Include="Common">
      <UniqueIdentifier>{101b779a-3588-48b1-bba2-255b0de426dd}</UniqueIdentifier>
    </Filter>
    <Filter Include="ParameterSets">
      <UniqueIdentifier>{372f4041-7084-4d64-8bf5-290c4f1266b3}</UniqueIdentifier>
    </Filter>
    <Filter Include="Data">
      <UniqueIdentifier>{6f6944c0-e795-4858-b2f4-a34b4416e99d}</UniqueIdentifier>
    </Filter>
    <Filter Include="Modules">
      <UniqueIdentifier>{88bdb01f-16bd-413f-b4c1-7c2a8ecf1960}</UniqueIdentifier>
    </Filter>
  </ItemGroup>
  <ItemGroup>
    <ClInclude Include="..\source\H265Lib\ParameterSets\PictureParameterSet.h">
      <Filter>ParameterSets</Filter>
    </ClInclude>
    <ClInclude Include="..\source\H265Lib\ParameterSets\SequenceParameterSet.h">
      <Filter>ParameterSets</Filter>
    </ClInclude>
    <ClInclude Include="..\source\H265Lib\Modules\Binarization.h">
      <Filter>Modules</Filter>
    </ClInclude>
    <ClInclude Include="..\source\H265Lib\Modules\CoeffGroup.h">
      <Filter>Modules</Filter>
    </ClInclude>
    <ClInclude Include="..\source\H265Lib\Modules\DeblockingFilter.h">
      <Filter>Modules</Filter>
    </ClInclude>
    <ClInclude Include="..\source\H265Lib\Modules\IntraMode.h">
      <Filter>Modules</Filter>
    </ClInclude>
    <ClInclude Include="..\source\H265Lib\Modules\IntraPred.h">
      <Filter>Modules</Filter>
    </ClInclude>
    <ClInclude Include="..\source\H265Lib\Modules\PartitioningStrategy.h">
      <Filter>Modules</Filter>
    </ClInclude>
    <ClInclude Include="..\source\H265Lib\Modules\Quant.h">
      <Filter>Modules</Filter>
    </ClInclude>
    <ClInclude Include="..\source\H265Lib\Modules\RDCost.h">
      <Filter>Modules</Filter>
    </ClInclude>
    <ClInclude Include="..\source\H265Lib\Modules\Transform.h">
      <Filter>Modules</Filter>
    </ClInclude>
    <ClInclude Include="..\source\H265Lib\ParameterSets\ParameterSetBase.h">
      <Filter>ParameterSets</Filter>
    </ClInclude>
    <ClInclude Include="..\source\H265Lib\ParameterSets\VideoParameterSet.h">
      <Filter>ParameterSets</Filter>
    </ClInclude>
    <ClInclude Include="..\source\H265Lib\ParameterSets\ProfileTierLevel.h">
      <Filter>ParameterSets</Filter>
    </ClInclude>
    <ClInclude Include="..\source\H265Lib\ParameterSets\SubLayerOrderingInfo.h">
      <Filter>ParameterSets</Filter>
    </ClInclude>
    <ClInclude Include="..\source\H265Lib\ParameterSets\HRDParameters.h">
      <Filter>ParameterSets</Filter>
    </ClInclude>
    <ClInclude Include="..\source\H265Lib\ParameterSets\ScalingListData.h">
      <Filter>ParameterSets</Filter>
    </ClInclude>
    <ClInclude Include="..\source\H265Lib\ParameterSets\ShortTermReferencePictureSet.h">
      <Filter>ParameterSets</Filter>
    </ClInclude>
    <ClInclude Include="..\source\H265Lib\ParameterSets\VUIParameters.h">
      <Filter>ParameterSets</Filter>
    </ClInclude>
    <ClInclude Include="..\source\H265Lib\ParameterSets\ParameterBank.h">
      <Filter>ParameterSets</Filter>
    </ClInclude>
    <ClInclude Include="..\source\H265Lib\Modules\PictureEncoder.h">
      <Filter>Modules</Filter>
    </ClInclude>
    <ClInclude Include="..\source\H265Lib\ParameterSets\ParametersBundle.h">
      <Filter>ParameterSets</Filter>
    </ClInclude>
    <ClInclude Include="..\source\H265Lib\Modules\SliceEncoder.h">
      <Filter>Modules</Filter>
    </ClInclude>
    <ClInclude Include="..\source\H265Lib\Modules\CTUEncoder.h">
      <Filter>Modules</Filter>
    </ClInclude>
    <ClInclude Include="..\source\H265Lib\Modules\CUEncoder.h">
      <Filter>Modules</Filter>
    </ClInclude>
    <ClInclude Include="..\source\H265Lib\Common\Bitset.h">
      <Filter>Common</Filter>
    </ClInclude>
    <ClInclude Include="..\source\H265Lib\Common\Calc.h">
      <Filter>Common</Filter>
    </ClInclude>
    <ClInclude Include="..\Source\H265Lib\Common\Constants.h">
      <Filter>Common</Filter>
    </ClInclude>
    <ClInclude Include="..\source\H265Lib\Common\Enums.h">
      <Filter>Common</Filter>
    </ClInclude>
    <ClInclude Include="..\source\H265Lib\Common\FileIO.h">
      <Filter>Common</Filter>
    </ClInclude>
    <ClInclude Include="..\source\H265Lib\Common\Logger.h">
      <Filter>Common</Filter>
    </ClInclude>
    <ClInclude Include="..\Source\H265Lib\Common\Matrix.h">
      <Filter>Common</Filter>
    </ClInclude>
    <ClInclude Include="..\source\H265Lib\Common\Singleton.h">
      <Filter>Common</Filter>
    </ClInclude>
    <ClInclude Include="..\source\H265Lib\Common\TypeDef.h">
      <Filter>Common</Filter>
    </ClInclude>
    <ClInclude Include="..\source\H265Lib\Data\BlockBase.h">
      <Filter>Data</Filter>
    </ClInclude>
    <ClInclude Include="..\source\H265Lib\Data\CTU.h">
      <Filter>Data</Filter>
    </ClInclude>
    <ClInclude Include="..\source\H265Lib\Data\CU.h">
      <Filter>Data</Filter>
    </ClInclude>
    <ClInclude Include="..\source\H265Lib\Data\PB.h">
      <Filter>Data</Filter>
    </ClInclude>
    <ClInclude Include="..\source\H265Lib\Data\Picture.h">
      <Filter>Data</Filter>
    </ClInclude>
    <ClInclude Include="..\source\H265Lib\Data\PU.h">
      <Filter>Data</Filter>
    </ClInclude>
    <ClInclude Include="..\source\H265Lib\Data\QuadTree.h">
      <Filter>Data</Filter>
    </ClInclude>
    <ClInclude Include="..\source\H265Lib\Data\ReferenceSamples.h">
      <Filter>Data</Filter>
    </ClInclude>
    <ClInclude Include="..\source\H265Lib\Data\SAOInfo.h">
      <Filter>Data</Filter>
    </ClInclude>
    <ClInclude Include="..\source\H265Lib\Data\Slice.h">
      <Filter>Data</Filter>
    </ClInclude>
    <ClInclude Include="..\source\H265Lib\Data\TB.h">
      <Filter>Data</Filter>
    </ClInclude>
    <ClInclude Include="..\source\H265Lib\Data\TU.h">
      <Filter>Data</Filter>
    </ClInclude>
  </ItemGroup>
  <ItemGroup>
    <ClCompile Include="..\source\H265Lib\ParameterSets\PictureParameterSet.cpp">
      <Filter>ParameterSets</Filter>
    </ClCompile>
    <ClCompile Include="..\source\H265Lib\ParameterSets\SequenceParameterSet.cpp">
      <Filter>ParameterSets</Filter>
    </ClCompile>
    <ClCompile Include="..\source\H265Lib\Modules\Binarization.cpp">
      <Filter>Modules</Filter>
    </ClCompile>
    <ClCompile Include="..\source\H265Lib\Modules\CoeffGroup.cpp">
      <Filter>Modules</Filter>
    </ClCompile>
    <ClCompile Include="..\source\H265Lib\Modules\DeblockingFilter.cpp">
      <Filter>Modules</Filter>
    </ClCompile>
    <ClCompile Include="..\source\H265Lib\Modules\IntraMode.cpp">
      <Filter>Modules</Filter>
    </ClCompile>
    <ClCompile Include="..\source\H265Lib\Modules\IntraPred.cpp">
      <Filter>Modules</Filter>
    </ClCompile>
    <ClCompile Include="..\source\H265Lib\Modules\PartitioningStrategy.cpp">
      <Filter>Modules</Filter>
    </ClCompile>
    <ClCompile Include="..\source\H265Lib\Modules\Quant.cpp">
      <Filter>Modules</Filter>
    </ClCompile>
    <ClCompile Include="..\source\H265Lib\Modules\RDCost.cpp">
      <Filter>Modules</Filter>
    </ClCompile>
    <ClCompile Include="..\source\H265Lib\Modules\Transform.cpp">
      <Filter>Modules</Filter>
    </ClCompile>
    <ClCompile Include="..\source\H265Lib\ParameterSets\VideoParameterSet.cpp">
      <Filter>ParameterSets</Filter>
    </ClCompile>
    <ClCompile Include="..\source\H265Lib\Modules\PictureEncoder.cpp">
      <Filter>Modules</Filter>
    </ClCompile>
    <ClCompile Include="..\source\H265Lib\Modules\SliceEncoder.cpp">
      <Filter>Modules</Filter>
    </ClCompile>
    <ClCompile Include="..\source\H265Lib\Modules\CTUEncoder.cpp">
      <Filter>Modules</Filter>
    </ClCompile>
    <ClCompile Include="..\source\H265Lib\Modules\CUEncoder.cpp">
      <Filter>Modules</Filter>
    </ClCompile>
    <ClCompile Include="..\source\H265Lib\Common\Bitset.cpp">
      <Filter>Common</Filter>
    </ClCompile>
    <ClCompile Include="..\source\H265Lib\Common\FileIO.cpp">
      <Filter>Common</Filter>
    </ClCompile>
    <ClCompile Include="..\source\H265Lib\Common\Logger.cpp">
      <Filter>Common</Filter>
    </ClCompile>
    <ClCompile Include="..\source\H265Lib\Data\BlockBase.cpp">
      <Filter>Data</Filter>
    </ClCompile>
    <ClCompile Include="..\source\H265Lib\Data\CTU.cpp">
      <Filter>Data</Filter>
    </ClCompile>
    <ClCompile Include="..\source\H265Lib\Data\CU.cpp">
      <Filter>Data</Filter>
    </ClCompile>
    <ClCompile Include="..\source\H265Lib\Data\PB.cpp">
      <Filter>Data</Filter>
    </ClCompile>
    <ClCompile Include="..\source\H265Lib\Data\Picture.cpp">
      <Filter>Data</Filter>
    </ClCompile>
    <ClCompile Include="..\source\H265Lib\Data\PU.cpp">
      <Filter>Data</Filter>
    </ClCompile>
    <ClCompile Include="..\source\H265Lib\Data\QuadTree.cpp">
      <Filter>Data</Filter>
    </ClCompile>
    <ClCompile Include="..\source\H265Lib\Data\Slice.cpp">
      <Filter>Data</Filter>
    </ClCompile>
    <ClCompile Include="..\source\H265Lib\Data\TB.cpp">
      <Filter>Data</Filter>
    </ClCompile>
    <ClCompile Include="..\source\H265Lib\Data\TU.cpp">
      <Filter>Data</Filter>
    </ClCompile>
  </ItemGroup>
</Project>