<?xml version="1.0" encoding="utf-8"?>
<Project ToolsVersion="4.0" xmlns="http://schemas.microsoft.com/developer/msbuild/2003">
  <ItemGroup>
    <Filter Include="Source Files">
      <UniqueIdentifier>{4FC737F1-C7A5-4376-A066-2A32D752A2FF}</UniqueIdentifier>
      <Extensions>cpp;c;cc;cxx;def;odl;idl;hpj;bat;asm;asmx</Extensions>
    </Filter>
    <Filter Include="Header Files">
      <UniqueIdentifier>{93995380-89BD-4b04-88EB-625FBE52EBFB}</UniqueIdentifier>
      <Extensions>h;hh;hpp;hxx;hm;inl;inc;xsd</Extensions>
    </Filter>
  </ItemGroup>
  <ItemGroup>
    <ClInclude Include="..\source\H265Lib\Binarization.h">
      <Filter>Header Files</Filter>
    </ClInclude>
    <ClInclude Include="..\source\H265Lib\CoeffGroup.h">
      <Filter>Header Files</Filter>
    </ClInclude>
    <ClInclude Include="..\source\H265Lib\CTU.h">
      <Filter>Header Files</Filter>
    </ClInclude>
    <ClInclude Include="..\source\H265Lib\CU.h">
      <Filter>Header Files</Filter>
    </ClInclude>
    <ClInclude Include="..\source\H265Lib\DeblockingFilter.h">
      <Filter>Header Files</Filter>
    </ClInclude>
    <ClInclude Include="..\source\H265Lib\IntraMode.h">
      <Filter>Header Files</Filter>
    </ClInclude>
    <ClInclude Include="..\source\H265Lib\IntraPred.h">
      <Filter>Header Files</Filter>
    </ClInclude>
    <ClInclude Include="..\source\H265Lib\Logger.h">
      <Filter>Header Files</Filter>
    </ClInclude>
    <ClInclude Include="..\source\H265Lib\LoggerImpl.h">
      <Filter>Header Files</Filter>
    </ClInclude>
    <ClInclude Include="..\source\H265Lib\PartitioningStrategy.h">
      <Filter>Header Files</Filter>
    </ClInclude>
    <ClInclude Include="..\source\H265Lib\Picture.h">
      <Filter>Header Files</Filter>
    </ClInclude>
    <ClInclude Include="..\source\H265Lib\PU.h">
      <Filter>Header Files</Filter>
    </ClInclude>
    <ClInclude Include="..\source\H265Lib\QuadTree.h">
      <Filter>Header Files</Filter>
    </ClInclude>
    <ClInclude Include="..\source\H265Lib\Quant.h">
      <Filter>Header Files</Filter>
    </ClInclude>
    <ClInclude Include="..\source\H265Lib\RDCost.h">
      <Filter>Header Files</Filter>
    </ClInclude>
    <ClInclude Include="..\source\H265Lib\SAOInfo.h">
      <Filter>Header Files</Filter>
    </ClInclude>
    <ClInclude Include="..\source\H265Lib\SeqPicParameters.h">
      <Filter>Header Files</Filter>
    </ClInclude>
    <ClInclude Include="..\source\H265Lib\Slice.h">
      <Filter>Header Files</Filter>
    </ClInclude>
    <ClInclude Include="..\source\H265Lib\Tile.h">
      <Filter>Header Files</Filter>
    </ClInclude>
    <ClInclude Include="..\source\H265Lib\Transform.h">
      <Filter>Header Files</Filter>
    </ClInclude>
    <ClInclude Include="..\source\H265Lib\TU.h">
      <Filter>Header Files</Filter>
    </ClInclude>
    <ClInclude Include="..\source\H265Lib\TypeDef.h">
      <Filter>Header Files</Filter>
    </ClInclude>
    <ClInclude Include="..\source\H265Lib\UnitBase.h">
      <Filter>Header Files</Filter>
    </ClInclude>
    <ClInclude Include="..\source\H265Lib\Utils.h">
      <Filter>Header Files</Filter>
    </ClInclude>
  </ItemGroup>
  <ItemGroup>
    <ClCompile Include="..\source\H265Lib\Binarization.cpp">
      <Filter>Source Files</Filter>
    </ClCompile>
    <ClCompile Include="..\source\H265Lib\CoeffGroup.cpp">
      <Filter>Source Files</Filter>
    </ClCompile>
    <ClCompile Include="..\source\H265Lib\CTU.cpp">
      <Filter>Source Files</Filter>
    </ClCompile>
    <ClCompile Include="..\source\H265Lib\CU.cpp">
      <Filter>Source Files</Filter>
    </ClCompile>
    <ClCompile Include="..\source\H265Lib\DeblockingFilter.cpp">
      <Filter>Source Files</Filter>
    </ClCompile>
    <ClCompile Include="..\source\H265Lib\IntraMode.cpp">
      <Filter>Source Files</Filter>
    </ClCompile>
    <ClCompile Include="..\source\H265Lib\IntraPred.cpp">
      <Filter>Source Files</Filter>
    </ClCompile>
    <ClCompile Include="..\source\H265Lib\Logger.cpp">
      <Filter>Source Files</Filter>
    </ClCompile>
    <ClCompile Include="..\source\H265Lib\PartitioningStrategy.cpp">
      <Filter>Source Files</Filter>
    </ClCompile>
    <ClCompile Include="..\source\H265Lib\Picture.cpp">
      <Filter>Source Files</Filter>
    </ClCompile>
    <ClCompile Include="..\source\H265Lib\PU.cpp">
      <Filter>Source Files</Filter>
    </ClCompile>
    <ClCompile Include="..\source\H265Lib\QuadTree.cpp">
      <Filter>Source Files</Filter>
    </ClCompile>
    <ClCompile Include="..\source\H265Lib\Quant.cpp">
      <Filter>Source Files</Filter>
    </ClCompile>
    <ClCompile Include="..\source\H265Lib\RDCost.cpp">
      <Filter>Source Files</Filter>
    </ClCompile>
    <ClCompile Include="..\source\H265Lib\SeqPicParameters.cpp">
      <Filter>Source Files</Filter>
    </ClCompile>
    <ClCompile Include="..\source\H265Lib\Slice.cpp">
      <Filter>Source Files</Filter>
    </ClCompile>
    <ClCompile Include="..\source\H265Lib\Tile.cpp">
      <Filter>Source Files</Filter>
    </ClCompile>
    <ClCompile Include="..\source\H265Lib\Transform.cpp">
      <Filter>Source Files</Filter>
    </ClCompile>
    <ClCompile Include="..\source\H265Lib\TU.cpp">
      <Filter>Source Files</Filter>
    </ClCompile>
    <ClCompile Include="..\source\H265Lib\Utils.cpp">
      <Filter>Source Files</Filter>
    </ClCompile>
  </ItemGroup>
</Project>